PODS:
  - ExampleLib (2.0.1)

DEPENDENCIES:
  - ExampleLib (~> 2.0.1)

SPEC REPOS:
  https://dl.cloudsmith.io/public/jaoo/cocoapods/cocoapods/index.git:
    - ExampleLib

SPEC CHECKSUMS:
  ExampleLib: c782f5b75405a11dfc15e015da3b4bd18530eec0

PODFILE CHECKSUM: 7446c63393c0dead9dfa66defd3702581a492f10

COCOAPODS: 1.15.2
